
Microsoft Visual Studio Solution File, Format Version 12.00
# Visual Studio 15
VisualStudioVersion = 15.0.28010.2019
MinimumVisualStudioVersion = 10.0.40219.1
Project("{FAE04EC0-301F-11D3-BF4B-00C04F79EFBC}") = "ATM", "ATM\ATM.csproj", "{191CF1F7-45CA-4D57-B77F-7DB6FC38A857}"
EndProject
Global
	GlobalSection(SolutionConfigurationPlatforms) = preSolution
		Debug|Any CPU = Debug|Any CPU
		Release|Any CPU = Release|Any CPU
	EndGlobalSection
	GlobalSection(ProjectConfigurationPlatforms) = postSolution
		{191CF1F7-45CA-4D57-B77F-7DB6FC38A857}.Debug|Any CPU.ActiveCfg = Debug|Any CPU
		{191CF1F7-45CA-4D57-B77F-7DB6FC38A857}.Debug|Any CPU.Build.0 = Debug|Any CPU
		{191CF1F7-45CA-4D57-B77F-7DB6FC38A857}.Release|Any CPU.ActiveCfg = Release|Any CPU
		{191CF1F7-45CA-4D57-B77F-7DB6FC38A857}.Release|Any CPU.Build.0 = Release|Any CPU
	EndGlobalSection
	GlobalSection(SolutionProperties) = preSolution
		HideSolutionNode = FALSE
	EndGlobalSection
	GlobalSection(ExtensibilityGlobals) = postSolution
		SolutionGuid = {2D7B31B3-CB79-414E-B504-D1F88F3D19CD}
	EndGlobalSection
EndGlobal
